// !$*UTF8*$!
{
	archiveVersion = 1;
	classes = {
	};
	objectVersion = 46;
	objects = {

/* Begin PBXBuildFile section */
		84DCB5311F5CE7B1007AA980 /* AppDelegate.swift in Sources */ = {isa = PBXBuildFile; fileRef = 84DCB5301F5CE7B1007AA980 /* AppDelegate.swift */; };
		84DCB5331F5CE7B1007AA980 /* ViewController.swift in Sources */ = {isa = PBXBuildFile; fileRef = 84DCB5321F5CE7B1007AA980 /* ViewController.swift */; };
		84DCB5361F5CE7B1007AA980 /* Main.storyboard in Resources */ = {isa = PBXBuildFile; fileRef = 84DCB5341F5CE7B1007AA980 /* Main.storyboard */; };
		84DCB5381F5CE7B1007AA980 /* Assets.xcassets in Resources */ = {isa = PBXBuildFile; fileRef = 84DCB5371F5CE7B1007AA980 /* Assets.xcassets */; };
		84DCB53B1F5CE7B1007AA980 /* LaunchScreen.storyboard in Resources */ = {isa = PBXBuildFile; fileRef = 84DCB5391F5CE7B1007AA980 /* LaunchScreen.storyboard */; };
/* End PBXBuildFile section */

/* Begin PBXFileReference section */
		84DCB52D1F5CE7B1007AA980 /* ExpandableSections.app */ = {isa = PBXFileReference; explicitFileType = wrapper.application; includeInIndex = 0; path = ExpandableSections.app; sourceTree = BUILT_PRODUCTS_DIR; };
		84DCB5301F5CE7B1007AA980 /* AppDelegate.swift */ = {isa = PBXFileReference; lastKnownFileType = sourcecode.swift; path = AppDelegate.swift; sourceTree = "<group>"; };
		84DCB5321F5CE7B1007AA980 /* ViewController.swift */ = {isa = PBXFileReference; lastKnownFileType = sourcecode.swift; path = ViewController.swift; sourceTree = "<group>"; };
		84DCB5351F5CE7B1007AA980 /* Base */ = {isa = PBXFileReference; lastKnownFileType = file.storyboard; name = Base; path = Base.lproj/Main.storyboard; sourceTree = "<group>"; };
		84DCB5371F5CE7B1007AA980 /* Assets.xcassets */ = {isa = PBXFileReference; lastKnownFileType = folder.assetcatalog; path = Assets.xcassets; sourceTree = "<group>"; };
		84DCB53A1F5CE7B1007AA980 /* Base */ = {isa = PBXFileReference; lastKnownFileType = file.storyboard; name = Base; path = Base.lproj/LaunchScreen.storyboard; sourceTree = "<group>"; };
		84DCB53C1F5CE7B1007AA980 /* Info.plist */ = {isa = PBXFileReference; lastKnownFileType = text.plist.xml; path = Info.plist; sourceTree = "<group>"; };
/* End PBXFileReference section */

/* Begin PBXFrameworksBuildPhase section */
		84DCB52A1F5CE7B1007AA980 /* Frameworks */ = {
			isa = PBXFrameworksBuildPhase;
			buildActionMask = 2147483647;
			files = (
			);
			runOnlyForDeploymentPostprocessing = 0;
		};
/* End PBXFrameworksBuildPhase section */

/* Begin PBXGroup section */
		84DCB5241F5CE7B1007AA980 = {
			isa = PBXGroup;
			children = (
				84DCB52F1F5CE7B1007AA980 /* ExpandableSections */,
				84DCB52E1F5CE7B1007AA980 /* Products */,
			);
			sourceTree = "<group>";
		};
		84DCB52E1F5CE7B1007AA980 /* Products */ = {
			isa = PBXGroup;
			children = (
				84DCB52D1F5CE7B1007AA980 /* ExpandableSections.app */,
			);
			name = Products;
			sourceTree = "<group>";
		};
		84DCB52F1F5CE7B1007AA980 /* ExpandableSections */ = {
			isa = PBXGroup;
			children = (
				84DCB5301F5CE7B1007AA980 /* AppDelegate.swift */,
				84DCB5321F5CE7B1007AA980 /* ViewController.swift */,
				84DCB5341F5CE7B1007AA980 /* Main.storyboard */,
				84DCB5371F5CE7B1007AA980 /* Assets.xcassets */,
				84DCB5391F5CE7B1007AA980 /* LaunchScreen.storyboard */,
				84DCB53C1F5CE7B1007AA980 /* Info.plist */,
			);
			path = ExpandableSections;
			sourceTree = "<group>";
		};
/* End PBXGroup section */

/* Begin PBXNativeTarget section */
		84DCB52C1F5CE7B1007AA980 /* ExpandableSections */ = {
			isa = PBXNativeTarget;
			buildConfigurationList = 84DCB53F1F5CE7B1007AA980 /* Build configuration list for PBXNativeTarget "ExpandableSections" */;
			buildPhases = (
				84DCB5291F5CE7B1007AA980 /* Sources */,
				84DCB52A1F5CE7B1007AA980 /* Frameworks */,
				84DCB52B1F5CE7B1007AA980 /* Resources */,
			);
			buildRules = (
			);
			dependencies = (
			);
			name = ExpandableSections;
			productName = ExpandableSections;
			productReference = 84DCB52D1F5CE7B1007AA980 /* ExpandableSections.app */;
			productType = "com.apple.product-type.application";
		};
/* End PBXNativeTarget section */

/* Begin PBXProject section */
		84DCB5251F5CE7B1007AA980 /* Project object */ = {
			isa = PBXProject;
			attributes = {
				LastSwiftUpdateCheck = 0830;
				LastUpgradeCheck = 0830;
				ORGANIZATIONNAME = "Paradox Apps";
				TargetAttributes = {
					84DCB52C1F5CE7B1007AA980 = {
						CreatedOnToolsVersion = 8.3.3;
						DevelopmentTeam = 7X8R9W822D;
						ProvisioningStyle = Automatic;
					};
				};
			};
			buildConfigurationList = 84DCB5281F5CE7B1007AA980 /* Build configuration list for PBXProject "ExpandableSections" */;
			compatibilityVersion = "Xcode 3.2";
			developmentRegion = English;
			hasScannedForEncodings = 0;
			knownRegions = (
				en,
				Base,
			);
			mainGroup = 84DCB5241F5CE7B1007AA980;
			productRefGroup = 84DCB52E1F5CE7B1007AA980 /* Products */;
			projectDirPath = "";
			projectRoot = "";
			targets = (
				84DCB52C1F5CE7B1007AA980 /* ExpandableSections */,
			);
		};
/* End PBXProject section */

/* Begin PBXResourcesBuildPhase section */
		84DCB52B1F5CE7B1007AA980 /* Resources */ = {
			isa = PBXResourcesBuildPhase;
			buildActionMask = 2147483647;
			files = (
				84DCB53B1F5CE7B1007AA980 /* LaunchScreen.storyboard in Resources */,
				84DCB5381F5CE7B1007AA980 /* Assets.xcassets in Resources */,
				84DCB5361F5CE7B1007AA980 /* Main.storyboard in Resources */,
			);
			runOnlyForDeploymentPostprocessing = 0;
		};
/* End PBXResourcesBuildPhase section */

/* Begin PBXSourcesBuildPhase section */
		84DCB5291F5CE7B1007AA980 /* Sources */ = {
			isa = PBXSourcesBuildPhase;
			buildActionMask = 2147483647;
			files = (
				84DCB5331F5CE7B1007AA980 /* ViewController.swift in Sources */,
				84DCB5311F5CE7B1007AA980 /* AppDelegate.swift in Sources */,
			);
			runOnlyForDeploymentPostprocessing = 0;
		};
/* End PBXSourcesBuildPhase section */

/* Begin PBXVariantGroup section */
		84DCB5341F5CE7B1007AA980 /* Main.storyboard */ = {
			isa = PBXVariantGroup;
			children = (
				84DCB5351F5CE7B1007AA980 /* Base */,
			);
			name = Main.storyboard;
			sourceTree = "<group>";
		};
		84DCB5391F5CE7B1007AA980 /* LaunchScreen.storyboard */ = {
			isa = PBXVariantGroup;
			children = (
				84DCB53A1F5CE7B1007AA980 /* Base */,
			);
			name = LaunchScreen.storyboard;
			sourceTree = "<group>";
		};
/* End PBXVariantGroup section */

/* Begin XCBuildConfiguration section */
		84DCB53D1F5CE7B1007AA980 /* Debug */ = {
			isa = XCBuildConfiguration;
			buildSettings = {
				ALWAYS_SEARCH_USER_PATHS = NO;
				CLANG_ANALYZER_NONNULL = YES;
				CLANG_ANALYZER_NUMBER_OBJECT_CONVERSION = YES_AGGRESSIVE;
				CLANG_CXX_LANGUAGE_STANDARD = "gnu++0x";
				CLANG_CXX_LIBRARY = "libc++";
				CLANG_ENABLE_MODULES = YES;
				CLANG_ENABLE_OBJC_ARC = YES;
				CLANG_WARN_BOOL_CONVERSION = YES;
				CLANG_WARN_CONSTANT_CONVERSION = YES;
				CLANG_WARN_DIRECT_OBJC_ISA_USAGE = YES_ERROR;
				CLANG_WARN_DOCUMENTATION_COMMENTS = YES;
				CLANG_WARN_EMPTY_BODY = YES;
				CLANG_WARN_ENUM_CONVERSION = YES;
				CLANG_WARN_INFINITE_RECURSION = YES;
				CLANG_WARN_INT_CONVERSION = YES;
				CLANG_WARN_OBJC_ROOT_CLASS = YES_ERROR;
				CLANG_WARN_SUSPICIOUS_MOVE = YES;
				CLANG_WARN_UNREACHABLE_CODE = YES;
				CLANG_WARN__DUPLICATE_METHOD_MATCH = YES;
				"CODE_SIGN_IDENTITY[sdk=iphoneos*]" = "iPhone Developer";
				COPY_PHASE_STRIP = NO;
				DEBUG_INFORMATION_FORMAT = dwarf;
				ENABLE_STRICT_OBJC_MSGSEND = YES;
				ENABLE_TESTABILITY = YES;
				GCC_C_LANGUAGE_STANDARD = gnu99;
				GCC_DYNAMIC_NO_PIC = NO;
				GCC_NO_COMMON_BLOCKS = YES;
				GCC_OPTIMIZATION_LEVEL = 0;
				GCC_PREPROCESSOR_DEFINITIONS = (
					"DEBUG=1",
					"$(inherited)",
				);
				GCC_WARN_64_TO_32_BIT_CONVERSION = YES;
				GCC_WARN_ABOUT_RETURN_TYPE = YES_ERROR;
				GCC_WARN_UNDECLARED_SELECTOR = YES;
				GCC_WARN_UNINITIALIZED_AUTOS = YES_AGGRESSIVE;
				GCC_WARN_UNUSED_FUNCTION = YES;
				GCC_WARN_UNUSED_VARIABLE = YES;
				IPHONEOS_DEPLOYMENT_TARGET = 10.3;
				MTL_ENABLE_DEBUG_INFO = YES;
				ONLY_ACTIVE_ARCH = YES;
				SDKROOT = iphoneos;
				SWIFT_ACTIVE_COMPILATION_CONDITIONS = DEBUG;
				SWIFT_OPTIMIZATION_LEVEL = "-Onone";
			};
			name = Debug;
		};
		84DCB53E1F5CE7B1007AA980 /* Release */ = {
			isa = XCBuildConfiguration;
			buildSettings = {
				ALWAYS_SEARCH_USER_PATHS = NO;
				CLANG_ANALYZER_NONNULL = YES;
				CLANG_ANALYZER_NUMBER_OBJECT_CONVERSION = YES_AGGRESSIVE;
				CLANG_CXX_LANGUAGE_STANDARD = "gnu++0x";
				CLANG_CXX_LIBRARY = "libc++";
				CLANG_ENABLE_MODULES = YES;
				CLANG_ENABLE_OBJC_ARC = YES;
				CLANG_WARN_BOOL_CONVERSION = YES;
				CLANG_WARN_CONSTANT_CONVERSION = YES;
				CLANG_WARN_DIRECT_OBJC_ISA_USAGE = YES_ERROR;
				CLANG_WARN_DOCUMENTATION_COMMENTS = YES;
				CLANG_WARN_EMPTY_BODY = YES;
				CLANG_WARN_ENUM_CONVERSION = YES;
				CLANG_WARN_INFINITE_RECURSION = YES;
				CLANG_WARN_INT_CONVERSION = YES;
				CLANG_WARN_OBJC_ROOT_CLASS = YES_ERROR;
				CLANG_WARN_SUSPICIOUS_MOVE = YES;
				CLANG_WARN_UNREACHABLE_CODE = YES;
				CLANG_WARN__DUPLICATE_METHOD_MATCH = YES;
				"CODE_SIGN_IDENTITY[sdk=iphoneos*]" = "iPhone Developer";
				COPY_PHASE_STRIP = NO;
				DEBUG_INFORMATION_FORMAT = "dwarf-with-dsym";
				ENABLE_NS_ASSERTIONS = NO;
				ENABLE_STRICT_OBJC_MSGSEND = YES;
				GCC_C_LANGUAGE_STANDARD = gnu99;
				GCC_NO_COMMON_BLOCKS = YES;
				GCC_WARN_64_TO_32_BIT_CONVERSION = YES;
				GCC_WARN_ABOUT_RETURN_TYPE = YES_ERROR;
				GCC_WARN_UNDECLARED_SELECTOR = YES;
				GCC_WARN_UNINITIALIZED_AUTOS = YES_AGGRESSIVE;
				GCC_WARN_UNUSED_FUNCTION = YES;
				GCC_WARN_UNUSED_VARIABLE = YES;
				IPHONEOS_DEPLOYMENT_TARGET = 10.3;
				MTL_ENABLE_DEBUG_INFO = NO;
				SDKROOT = iphoneos;
				SWIFT_OPTIMIZATION_LEVEL = "-Owholemodule";
				VALIDATE_PRODUCT = YES;
			};
			name = Release;
		};
		84DCB5401F5CE7B1007AA980 /* Debug */ = {
			isa = XCBuildConfiguration;
			buildSettings = {
				ASSETCATALOG_COMPILER_APPICON_NAME = AppIcon;
				DEVELOPMENT_TEAM = 7X8R9W822D;
				INFOPLIST_FILE = ExpandableSections/Info.plist;
				LD_RUNPATH_SEARCH_PATHS = "$(inherited) @executable_path/Frameworks";
				PRODUCT_BUNDLE_IDENTIFIER = com.paradoxapps.ExpandableSections;
				PRODUCT_NAME = "$(TARGET_NAME)";
				SWIFT_VERSION = 3.0;
			};
			name = Debug;
		};
		84DCB5411F5CE7B1007AA980 /* Release */ = {
			isa = XCBuildConfiguration;
			buildSettings = {
				ASSETCATALOG_COMPILER_APPICON_NAME = AppIcon;
				DEVELOPMENT_TEAM = 7X8R9W822D;
				INFOPLIST_FILE = ExpandableSections/Info.plist;
				LD_RUNPATH_SEARCH_PATHS = "$(inherited) @executable_path/Frameworks";
				PRODUCT_BUNDLE_IDENTIFIER = com.paradoxapps.ExpandableSections;
				PRODUCT_NAME = "$(TARGET_NAME)";
				SWIFT_VERSION = 3.0;
			};
			name = Release;
		};
/* End XCBuildConfiguration section */

/* Begin XCConfigurationList section */
		84DCB5281F5CE7B1007AA980 /* Build configuration list for PBXProject "ExpandableSections" */ = {
			isa = XCConfigurationList;
			buildConfigurations = (
				84DCB53D1F5CE7B1007AA980 /* Debug */,
				84DCB53E1F5CE7B1007AA980 /* Release */,
			);
			defaultConfigurationIsVisible = 0;
			defaultConfigurationName = Release;
		};
		84DCB53F1F5CE7B1007AA980 /* Build configuration list for PBXNativeTarget "ExpandableSections" */ = {
			isa = XCConfigurationList;
			buildConfigurations = (
				84DCB5401F5CE7B1007AA980 /* Debug */,
				84DCB5411F5CE7B1007AA980 /* Release */,
			);
			defaultConfigurationIsVisible = 0;
		};
/* End XCConfigurationList section */
	};
	rootObject = 84DCB5251F5CE7B1007AA980 /* Project object */;
}
